
Microsoft Visual Studio Solution File, Format Version 12.00
# Visual Studio Version 17
VisualStudioVersion = 17.0.32126.317
MinimumVisualStudioVersion = 10.0.40219.1
Project("{FAE04EC0-301F-11D3-BF4B-00C04F79EFBC}") = "prjOOPS", "prjOOPS\prjOOPS.csproj", "{12D9857B-9950-40A3-9224-EB5292BDBA1A}"
EndProject
Project("{FAE04EC0-301F-11D3-BF4B-00C04F79EFBC}") = "inheritanceEg", "..\inheritanceEg\inheritanceEg.csproj", "{B446BD4A-4F9C-4E0A-9FEE-B71F7EBCEA4D}"
EndProject
Global
	GlobalSection(SolutionConfigurationPlatforms) = preSolution
		Debug|Any CPU = Debug|Any CPU
		Release|Any CPU = Release|Any CPU
	EndGlobalSection
	GlobalSection(ProjectConfigurationPlatforms) = postSolution
		{12D9857B-9950-40A3-9224-EB5292BDBA1A}.Debug|Any CPU.ActiveCfg = Debug|Any CPU
		{12D9857B-9950-40A3-9224-EB5292BDBA1A}.Debug|Any CPU.Build.0 = Debug|Any CPU
		{12D9857B-9950-40A3-9224-EB5292BDBA1A}.Release|Any CPU.ActiveCfg = Release|Any CPU
		{12D9857B-9950-40A3-9224-EB5292BDBA1A}.Release|Any CPU.Build.0 = Release|Any CPU
		{B446BD4A-4F9C-4E0A-9FEE-B71F7EBCEA4D}.Debug|Any CPU.ActiveCfg = Debug|Any CPU
		{B446BD4A-4F9C-4E0A-9FEE-B71F7EBCEA4D}.Debug|Any CPU.Build.0 = Debug|Any CPU
		{B446BD4A-4F9C-4E0A-9FEE-B71F7EBCEA4D}.Release|Any CPU.ActiveCfg = Release|Any CPU
		{B446BD4A-4F9C-4E0A-9FEE-B71F7EBCEA4D}.Release|Any CPU.Build.0 = Release|Any CPU
	EndGlobalSection
	GlobalSection(SolutionProperties) = preSolution
		HideSolutionNode = FALSE
	EndGlobalSection
	GlobalSection(ExtensibilityGlobals) = postSolution
		SolutionGuid = {E7FFF7FE-1801-4E74-8BA4-A1923BCD8F93}
	EndGlobalSection
EndGlobal
